
Microsoft Visual Studio Solution File, Format Version 12.00
# Visual Studio Version 17
VisualStudioVersion = 17.9.34902.65
MinimumVisualStudioVersion = 10.0.40219.1
Project("{FAE04EC0-301F-11D3-BF4B-00C04F79EFBC}") = "pedidos_back_end", "pedidos_back_end\pedidos_back_end.csproj", "{016B0486-CC94-4D93-B10B-8F61D0BA2B8E}"
EndProject
Global
	GlobalSection(SolutionConfigurationPlatforms) = preSolution
		Debug|Any CPU = Debug|Any CPU
		Release|Any CPU = Release|Any CPU
	EndGlobalSection
	GlobalSection(ProjectConfigurationPlatforms) = postSolution
		{016B0486-CC94-4D93-B10B-8F61D0BA2B8E}.Debug|Any CPU.ActiveCfg = Debug|Any CPU
		{016B0486-CC94-4D93-B10B-8F61D0BA2B8E}.Debug|Any CPU.Build.0 = Debug|Any CPU
		{016B0486-CC94-4D93-B10B-8F61D0BA2B8E}.Release|Any CPU.ActiveCfg = Release|Any CPU
		{016B0486-CC94-4D93-B10B-8F61D0BA2B8E}.Release|Any CPU.Build.0 = Release|Any CPU
	EndGlobalSection
	GlobalSection(SolutionProperties) = preSolution
		HideSolutionNode = FALSE
	EndGlobalSection
	GlobalSection(ExtensibilityGlobals) = postSolution
		SolutionGuid = {6ED8C74A-9784-4E97-BADC-A5B7779E9AFF}
	EndGlobalSection
EndGlobal
